
Microsoft Visual Studio Solution File, Format Version 12.00
# Visual Studio Version 17
VisualStudioVersion = 17.8.34525.116
MinimumVisualStudioVersion = 10.0.40219.1
Project("{FAE04EC0-301F-11D3-BF4B-00C04F79EFBC}") = "PasswordManager", "PasswordManager\PasswordManager.csproj", "{49D64211-DE28-4F98-A0CC-1C81B715D013}"
EndProject
Global
	GlobalSection(SolutionConfigurationPlatforms) = preSolution
		Debug|Any CPU = Debug|Any CPU
		Release|Any CPU = Release|Any CPU
	EndGlobalSection
	GlobalSection(ProjectConfigurationPlatforms) = postSolution
		{49D64211-DE28-4F98-A0CC-1C81B715D013}.Debug|Any CPU.ActiveCfg = Debug|Any CPU
		{49D64211-DE28-4F98-A0CC-1C81B715D013}.Debug|Any CPU.Build.0 = Debug|Any CPU
		{49D64211-DE28-4F98-A0CC-1C81B715D013}.Release|Any CPU.ActiveCfg = Release|Any CPU
		{49D64211-DE28-4F98-A0CC-1C81B715D013}.Release|Any CPU.Build.0 = Release|Any CPU
	EndGlobalSection
	GlobalSection(SolutionProperties) = preSolution
		HideSolutionNode = FALSE
	EndGlobalSection
	GlobalSection(ExtensibilityGlobals) = postSolution
		SolutionGuid = {73445A32-6305-46CB-97E3-7F57FE6589FB}
	EndGlobalSection
EndGlobal
